// !$*UTF8*$!
{
	archiveVersion = 1;
	classes = {
	};
	objectVersion = 46;
	objects = {

/* Begin PBXBuildFile section */
		5316CC901ADC8E1800E65D92 /* AppDelegate.swift in Sources */ = {isa = PBXBuildFile; fileRef = 5316CC8F1ADC8E1800E65D92 /* AppDelegate.swift */; };
		5316CC951ADC8E1800E65D92 /* Main.storyboard in Resources */ = {isa = PBXBuildFile; fileRef = 5316CC931ADC8E1800E65D92 /* Main.storyboard */; };
		5316CC971ADC8E1800E65D92 /* Images.xcassets in Resources */ = {isa = PBXBuildFile; fileRef = 5316CC961ADC8E1800E65D92 /* Images.xcassets */; };
		5316CC9A1ADC8E1800E65D92 /* LaunchScreen.xib in Resources */ = {isa = PBXBuildFile; fileRef = 5316CC981ADC8E1800E65D92 /* LaunchScreen.xib */; };
		5316CCA61ADC8E1800E65D92 /* ChoosyNewsyTests.swift in Sources */ = {isa = PBXBuildFile; fileRef = 5316CCA51ADC8E1800E65D92 /* ChoosyNewsyTests.swift */; };
		5316CCB01ADC8EBD00E65D92 /* HomeViewController.swift in Sources */ = {isa = PBXBuildFile; fileRef = 5316CCAF1ADC8EBD00E65D92 /* HomeViewController.swift */; };
		535AC0801AE6C32E000A1679 /* SearchLocationViewController.swift in Sources */ = {isa = PBXBuildFile; fileRef = 535AC07F1AE6C32E000A1679 /* SearchLocationViewController.swift */; };
		B79790B11AE81D0800C8E541 /* FavoritesViewController.swift in Sources */ = {isa = PBXBuildFile; fileRef = B79790B01AE81D0800C8E541 /* FavoritesViewController.swift */; };
		B7EA55601AE06C4600A4EBDA /* RSSParser.swift in Sources */ = {isa = PBXBuildFile; fileRef = B7EA555F1AE06C4600A4EBDA /* RSSParser.swift */; };
		B7EA55621AE0743C00A4EBDA /* WebViewViewController.swift in Sources */ = {isa = PBXBuildFile; fileRef = B7EA55611AE0743C00A4EBDA /* WebViewViewController.swift */; };
		B7EA55641AE0750100A4EBDA /* RSSFeedViewController.swift in Sources */ = {isa = PBXBuildFile; fileRef = B7EA55631AE0750100A4EBDA /* RSSFeedViewController.swift */; };
/* End PBXBuildFile section */

/* Begin PBXContainerItemProxy section */
		5316CCA01ADC8E1800E65D92 /* PBXContainerItemProxy */ = {
			isa = PBXContainerItemProxy;
			containerPortal = 5316CC821ADC8E1800E65D92 /* Project object */;
			proxyType = 1;
			remoteGlobalIDString = 5316CC891ADC8E1800E65D92;
			remoteInfo = ChoosyNewsy;
		};
/* End PBXContainerItemProxy section */

/* Begin PBXFileReference section */
		5316CC8A1ADC8E1800E65D92 /* ChoosyNewsy.app */ = {isa = PBXFileReference; explicitFileType = wrapper.application; includeInIndex = 0; path = ChoosyNewsy.app; sourceTree = BUILT_PRODUCTS_DIR; };
		5316CC8E1ADC8E1800E65D92 /* Info.plist */ = {isa = PBXFileReference; lastKnownFileType = text.plist.xml; path = Info.plist; sourceTree = "<group>"; };
		5316CC8F1ADC8E1800E65D92 /* AppDelegate.swift */ = {isa = PBXFileReference; lastKnownFileType = sourcecode.swift; path = AppDelegate.swift; sourceTree = "<group>"; };
		5316CC941ADC8E1800E65D92 /* Base */ = {isa = PBXFileReference; lastKnownFileType = file.storyboard; name = Base; path = Base.lproj/Main.storyboard; sourceTree = "<group>"; };
		5316CC961ADC8E1800E65D92 /* Images.xcassets */ = {isa = PBXFileReference; lastKnownFileType = folder.assetcatalog; path = Images.xcassets; sourceTree = "<group>"; };
		5316CC991ADC8E1800E65D92 /* Base */ = {isa = PBXFileReference; lastKnownFileType = file.xib; name = Base; path = Base.lproj/LaunchScreen.xib; sourceTree = "<group>"; };
		5316CC9F1ADC8E1800E65D92 /* ChoosyNewsyTests.xctest */ = {isa = PBXFileReference; explicitFileType = wrapper.cfbundle; includeInIndex = 0; path = ChoosyNewsyTests.xctest; sourceTree = BUILT_PRODUCTS_DIR; };
		5316CCA41ADC8E1800E65D92 /* Info.plist */ = {isa = PBXFileReference; lastKnownFileType = text.plist.xml; path = Info.plist; sourceTree = "<group>"; };
		5316CCA51ADC8E1800E65D92 /* ChoosyNewsyTests.swift */ = {isa = PBXFileReference; lastKnownFileType = sourcecode.swift; path = ChoosyNewsyTests.swift; sourceTree = "<group>"; };
		5316CCAF1ADC8EBD00E65D92 /* HomeViewController.swift */ = {isa = PBXFileReference; fileEncoding = 4; lastKnownFileType = sourcecode.swift; path = HomeViewController.swift; sourceTree = "<group>"; };
		535AC07F1AE6C32E000A1679 /* SearchLocationViewController.swift */ = {isa = PBXFileReference; fileEncoding = 4; lastKnownFileType = sourcecode.swift; path = SearchLocationViewController.swift; sourceTree = "<group>"; };
		B79790B01AE81D0800C8E541 /* FavoritesViewController.swift */ = {isa = PBXFileReference; fileEncoding = 4; lastKnownFileType = sourcecode.swift; path = FavoritesViewController.swift; sourceTree = "<group>"; };
		B7EA555F1AE06C4600A4EBDA /* RSSParser.swift */ = {isa = PBXFileReference; fileEncoding = 4; lastKnownFileType = sourcecode.swift; path = RSSParser.swift; sourceTree = "<group>"; };
		B7EA55611AE0743C00A4EBDA /* WebViewViewController.swift */ = {isa = PBXFileReference; fileEncoding = 4; lastKnownFileType = sourcecode.swift; path = WebViewViewController.swift; sourceTree = "<group>"; };
		B7EA55631AE0750100A4EBDA /* RSSFeedViewController.swift */ = {isa = PBXFileReference; fileEncoding = 4; lastKnownFileType = sourcecode.swift; path = RSSFeedViewController.swift; sourceTree = "<group>"; };
/* End PBXFileReference section */

/* Begin PBXFrameworksBuildPhase section */
		5316CC871ADC8E1800E65D92 /* Frameworks */ = {
			isa = PBXFrameworksBuildPhase;
			buildActionMask = 2147483647;
			files = (
			);
			runOnlyForDeploymentPostprocessing = 0;
		};
		5316CC9C1ADC8E1800E65D92 /* Frameworks */ = {
			isa = PBXFrameworksBuildPhase;
			buildActionMask = 2147483647;
			files = (
			);
			runOnlyForDeploymentPostprocessing = 0;
		};
/* End PBXFrameworksBuildPhase section */

/* Begin PBXGroup section */
		5316CC811ADC8E1800E65D92 = {
			isa = PBXGroup;
			children = (
				5316CC8C1ADC8E1800E65D92 /* ChoosyNewsy */,
				5316CCA21ADC8E1800E65D92 /* ChoosyNewsyTests */,
				5316CC8B1ADC8E1800E65D92 /* Products */,
			);
			sourceTree = "<group>";
		};
		5316CC8B1ADC8E1800E65D92 /* Products */ = {
			isa = PBXGroup;
			children = (
				5316CC8A1ADC8E1800E65D92 /* ChoosyNewsy.app */,
				5316CC9F1ADC8E1800E65D92 /* ChoosyNewsyTests.xctest */,
			);
			name = Products;
			sourceTree = "<group>";
		};
		5316CC8C1ADC8E1800E65D92 /* ChoosyNewsy */ = {
			isa = PBXGroup;
			children = (
				5316CC8F1ADC8E1800E65D92 /* AppDelegate.swift */,
				5316CC931ADC8E1800E65D92 /* Main.storyboard */,
				5316CC961ADC8E1800E65D92 /* Images.xcassets */,
				5316CC981ADC8E1800E65D92 /* LaunchScreen.xib */,
				5316CC8D1ADC8E1800E65D92 /* Supporting Files */,
				5316CCAF1ADC8EBD00E65D92 /* HomeViewController.swift */,
				B7EA555F1AE06C4600A4EBDA /* RSSParser.swift */,
				B7EA55611AE0743C00A4EBDA /* WebViewViewController.swift */,
				B7EA55631AE0750100A4EBDA /* RSSFeedViewController.swift */,
				535AC07F1AE6C32E000A1679 /* SearchLocationViewController.swift */,
				B79790B01AE81D0800C8E541 /* FavoritesViewController.swift */,
			);
			path = ChoosyNewsy;
			sourceTree = "<group>";
		};
		5316CC8D1ADC8E1800E65D92 /* Supporting Files */ = {
			isa = PBXGroup;
			children = (
				5316CC8E1ADC8E1800E65D92 /* Info.plist */,
			);
			name = "Supporting Files";
			sourceTree = "<group>";
		};
		5316CCA21ADC8E1800E65D92 /* ChoosyNewsyTests */ = {
			isa = PBXGroup;
			children = (
				5316CCA51ADC8E1800E65D92 /* ChoosyNewsyTests.swift */,
				5316CCA31ADC8E1800E65D92 /* Supporting Files */,
			);
			path = ChoosyNewsyTests;
			sourceTree = "<group>";
		};
		5316CCA31ADC8E1800E65D92 /* Supporting Files */ = {
			isa = PBXGroup;
			children = (
				5316CCA41ADC8E1800E65D92 /* Info.plist */,
			);
			name = "Supporting Files";
			sourceTree = "<group>";
		};
/* End PBXGroup section */

/* Begin PBXNativeTarget section */
		5316CC891ADC8E1800E65D92 /* ChoosyNewsy */ = {
			isa = PBXNativeTarget;
			buildConfigurationList = 5316CCA91ADC8E1800E65D92 /* Build configuration list for PBXNativeTarget "ChoosyNewsy" */;
			buildPhases = (
				5316CC861ADC8E1800E65D92 /* Sources */,
				5316CC871ADC8E1800E65D92 /* Frameworks */,
				5316CC881ADC8E1800E65D92 /* Resources */,
			);
			buildRules = (
			);
			dependencies = (
			);
			name = ChoosyNewsy;
			productName = ChoosyNewsy;
			productReference = 5316CC8A1ADC8E1800E65D92 /* ChoosyNewsy.app */;
			productType = "com.apple.product-type.application";
		};
		5316CC9E1ADC8E1800E65D92 /* ChoosyNewsyTests */ = {
			isa = PBXNativeTarget;
			buildConfigurationList = 5316CCAC1ADC8E1800E65D92 /* Build configuration list for PBXNativeTarget "ChoosyNewsyTests" */;
			buildPhases = (
				5316CC9B1ADC8E1800E65D92 /* Sources */,
				5316CC9C1ADC8E1800E65D92 /* Frameworks */,
				5316CC9D1ADC8E1800E65D92 /* Resources */,
			);
			buildRules = (
			);
			dependencies = (
				5316CCA11ADC8E1800E65D92 /* PBXTargetDependency */,
			);
			name = ChoosyNewsyTests;
			productName = ChoosyNewsyTests;
			productReference = 5316CC9F1ADC8E1800E65D92 /* ChoosyNewsyTests.xctest */;
			productType = "com.apple.product-type.bundle.unit-test";
		};
/* End PBXNativeTarget section */

/* Begin PBXProject section */
		5316CC821ADC8E1800E65D92 /* Project object */ = {
			isa = PBXProject;
			attributes = {
				LastUpgradeCheck = 0620;
				ORGANIZATIONNAME = "Tim Gilman";
				TargetAttributes = {
					5316CC891ADC8E1800E65D92 = {
						CreatedOnToolsVersion = 6.2;
					};
					5316CC9E1ADC8E1800E65D92 = {
						CreatedOnToolsVersion = 6.2;
						TestTargetID = 5316CC891ADC8E1800E65D92;
					};
				};
			};
			buildConfigurationList = 5316CC851ADC8E1800E65D92 /* Build configuration list for PBXProject "ChoosyNewsy" */;
			compatibilityVersion = "Xcode 3.2";
			developmentRegion = English;
			hasScannedForEncodings = 0;
			knownRegions = (
				en,
				Base,
			);
			mainGroup = 5316CC811ADC8E1800E65D92;
			productRefGroup = 5316CC8B1ADC8E1800E65D92 /* Products */;
			projectDirPath = "";
			projectRoot = "";
			targets = (
				5316CC891ADC8E1800E65D92 /* ChoosyNewsy */,
				5316CC9E1ADC8E1800E65D92 /* ChoosyNewsyTests */,
			);
		};
/* End PBXProject section */

/* Begin PBXResourcesBuildPhase section */
		5316CC881ADC8E1800E65D92 /* Resources */ = {
			isa = PBXResourcesBuildPhase;
			buildActionMask = 2147483647;
			files = (
				5316CC951ADC8E1800E65D92 /* Main.storyboard in Resources */,
				5316CC9A1ADC8E1800E65D92 /* LaunchScreen.xib in Resources */,
				5316CC971ADC8E1800E65D92 /* Images.xcassets in Resources */,
			);
			runOnlyForDeploymentPostprocessing = 0;
		};
		5316CC9D1ADC8E1800E65D92 /* Resources */ = {
			isa = PBXResourcesBuildPhase;
			buildActionMask = 2147483647;
			files = (
			);
			runOnlyForDeploymentPostprocessing = 0;
		};
/* End PBXResourcesBuildPhase section */

/* Begin PBXSourcesBuildPhase section */
		5316CC861ADC8E1800E65D92 /* Sources */ = {
			isa = PBXSourcesBuildPhase;
			buildActionMask = 2147483647;
			files = (
				5316CC901ADC8E1800E65D92 /* AppDelegate.swift in Sources */,
				B7EA55601AE06C4600A4EBDA /* RSSParser.swift in Sources */,
				B79790B11AE81D0800C8E541 /* FavoritesViewController.swift in Sources */,
				B7EA55621AE0743C00A4EBDA /* WebViewViewController.swift in Sources */,
				535AC0801AE6C32E000A1679 /* SearchLocationViewController.swift in Sources */,
				B7EA55641AE0750100A4EBDA /* RSSFeedViewController.swift in Sources */,
				5316CCB01ADC8EBD00E65D92 /* HomeViewController.swift in Sources */,
			);
			runOnlyForDeploymentPostprocessing = 0;
		};
		5316CC9B1ADC8E1800E65D92 /* Sources */ = {
			isa = PBXSourcesBuildPhase;
			buildActionMask = 2147483647;
			files = (
				5316CCA61ADC8E1800E65D92 /* ChoosyNewsyTests.swift in Sources */,
			);
			runOnlyForDeploymentPostprocessing = 0;
		};
/* End PBXSourcesBuildPhase section */

/* Begin PBXTargetDependency section */
		5316CCA11ADC8E1800E65D92 /* PBXTargetDependency */ = {
			isa = PBXTargetDependency;
			target = 5316CC891ADC8E1800E65D92 /* ChoosyNewsy */;
			targetProxy = 5316CCA01ADC8E1800E65D92 /* PBXContainerItemProxy */;
		};
/* End PBXTargetDependency section */

/* Begin PBXVariantGroup section */
		5316CC931ADC8E1800E65D92 /* Main.storyboard */ = {
			isa = PBXVariantGroup;
			children = (
				5316CC941ADC8E1800E65D92 /* Base */,
			);
			name = Main.storyboard;
			sourceTree = "<group>";
		};
		5316CC981ADC8E1800E65D92 /* LaunchScreen.xib */ = {
			isa = PBXVariantGroup;
			children = (
				5316CC991ADC8E1800E65D92 /* Base */,
			);
			name = LaunchScreen.xib;
			sourceTree = "<group>";
		};
/* End PBXVariantGroup section */

/* Begin XCBuildConfiguration section */
		5316CCA71ADC8E1800E65D92 /* Debug */ = {
			isa = XCBuildConfiguration;
			buildSettings = {
				ALWAYS_SEARCH_USER_PATHS = NO;
				CLANG_CXX_LANGUAGE_STANDARD = "gnu++0x";
				CLANG_CXX_LIBRARY = "libc++";
				CLANG_ENABLE_MODULES = YES;
				CLANG_ENABLE_OBJC_ARC = YES;
				CLANG_WARN_BOOL_CONVERSION = YES;
				CLANG_WARN_CONSTANT_CONVERSION = YES;
				CLANG_WARN_DIRECT_OBJC_ISA_USAGE = YES_ERROR;
				CLANG_WARN_EMPTY_BODY = YES;
				CLANG_WARN_ENUM_CONVERSION = YES;
				CLANG_WARN_INT_CONVERSION = YES;
				CLANG_WARN_OBJC_ROOT_CLASS = YES_ERROR;
				CLANG_WARN_UNREACHABLE_CODE = YES;
				CLANG_WARN__DUPLICATE_METHOD_MATCH = YES;
				"CODE_SIGN_IDENTITY[sdk=iphoneos*]" = "iPhone Developer";
				COPY_PHASE_STRIP = NO;
				ENABLE_STRICT_OBJC_MSGSEND = YES;
				GCC_C_LANGUAGE_STANDARD = gnu99;
				GCC_DYNAMIC_NO_PIC = NO;
				GCC_OPTIMIZATION_LEVEL = 0;
				GCC_PREPROCESSOR_DEFINITIONS = (
					"DEBUG=1",
					"$(inherited)",
				);
				GCC_SYMBOLS_PRIVATE_EXTERN = NO;
				GCC_WARN_64_TO_32_BIT_CONVERSION = YES;
				GCC_WARN_ABOUT_RETURN_TYPE = YES_ERROR;
				GCC_WARN_UNDECLARED_SELECTOR = YES;
				GCC_WARN_UNINITIALIZED_AUTOS = YES_AGGRESSIVE;
				GCC_WARN_UNUSED_FUNCTION = YES;
				GCC_WARN_UNUSED_VARIABLE = YES;
				IPHONEOS_DEPLOYMENT_TARGET = 8.2;
				MTL_ENABLE_DEBUG_INFO = YES;
				ONLY_ACTIVE_ARCH = YES;
				SDKROOT = iphoneos;
				SWIFT_OPTIMIZATION_LEVEL = "-Onone";
				TARGETED_DEVICE_FAMILY = "1,2";
			};
			name = Debug;
		};
		5316CCA81ADC8E1800E65D92 /* Release */ = {
			isa = XCBuildConfiguration;
			buildSettings = {
				ALWAYS_SEARCH_USER_PATHS = NO;
				CLANG_CXX_LANGUAGE_STANDARD = "gnu++0x";
				CLANG_CXX_LIBRARY = "libc++";
				CLANG_ENABLE_MODULES = YES;
				CLANG_ENABLE_OBJC_ARC = YES;
				CLANG_WARN_BOOL_CONVERSION = YES;
				CLANG_WARN_CONSTANT_CONVERSION = YES;
				CLANG_WARN_DIRECT_OBJC_ISA_USAGE = YES_ERROR;
				CLANG_WARN_EMPTY_BODY = YES;
				CLANG_WARN_ENUM_CONVERSION = YES;
				CLANG_WARN_INT_CONVERSION = YES;
				CLANG_WARN_OBJC_ROOT_CLASS = YES_ERROR;
				CLANG_WARN_UNREACHABLE_CODE = YES;
				CLANG_WARN__DUPLICATE_METHOD_MATCH = YES;
				"CODE_SIGN_IDENTITY[sdk=iphoneos*]" = "iPhone Developer";
				COPY_PHASE_STRIP = NO;
				ENABLE_NS_ASSERTIONS = NO;
				ENABLE_STRICT_OBJC_MSGSEND = YES;
				GCC_C_LANGUAGE_STANDARD = gnu99;
				GCC_WARN_64_TO_32_BIT_CONVERSION = YES;
				GCC_WARN_ABOUT_RETURN_TYPE = YES_ERROR;
				GCC_WARN_UNDECLARED_SELECTOR = YES;
				GCC_WARN_UNINITIALIZED_AUTOS = YES_AGGRESSIVE;
				GCC_WARN_UNUSED_FUNCTION = YES;
				GCC_WARN_UNUSED_VARIABLE = YES;
				IPHONEOS_DEPLOYMENT_TARGET = 8.2;
				MTL_ENABLE_DEBUG_INFO = NO;
				SDKROOT = iphoneos;
				TARGETED_DEVICE_FAMILY = "1,2";
				VALIDATE_PRODUCT = YES;
			};
			name = Release;
		};
		5316CCAA1ADC8E1800E65D92 /* Debug */ = {
			isa = XCBuildConfiguration;
			buildSettings = {
				ASSETCATALOG_COMPILER_APPICON_NAME = AppIcon;
				INFOPLIST_FILE = ChoosyNewsy/Info.plist;
				LD_RUNPATH_SEARCH_PATHS = "$(inherited) @executable_path/Frameworks";
				PRODUCT_NAME = "$(TARGET_NAME)";
			};
			name = Debug;
		};
		5316CCAB1ADC8E1800E65D92 /* Release */ = {
			isa = XCBuildConfiguration;
			buildSettings = {
				ASSETCATALOG_COMPILER_APPICON_NAME = AppIcon;
				INFOPLIST_FILE = ChoosyNewsy/Info.plist;
				LD_RUNPATH_SEARCH_PATHS = "$(inherited) @executable_path/Frameworks";
				PRODUCT_NAME = "$(TARGET_NAME)";
			};
			name = Release;
		};
		5316CCAD1ADC8E1800E65D92 /* Debug */ = {
			isa = XCBuildConfiguration;
			buildSettings = {
				BUNDLE_LOADER = "$(TEST_HOST)";
				FRAMEWORK_SEARCH_PATHS = (
					"$(SDKROOT)/Developer/Library/Frameworks",
					"$(inherited)",
				);
				GCC_PREPROCESSOR_DEFINITIONS = (
					"DEBUG=1",
					"$(inherited)",
				);
				INFOPLIST_FILE = ChoosyNewsyTests/Info.plist;
				LD_RUNPATH_SEARCH_PATHS = "$(inherited) @executable_path/Frameworks @loader_path/Frameworks";
				PRODUCT_NAME = "$(TARGET_NAME)";
				TEST_HOST = "$(BUILT_PRODUCTS_DIR)/ChoosyNewsy.app/ChoosyNewsy";
			};
			name = Debug;
		};
		5316CCAE1ADC8E1800E65D92 /* Release */ = {
			isa = XCBuildConfiguration;
			buildSettings = {
				BUNDLE_LOADER = "$(TEST_HOST)";
				FRAMEWORK_SEARCH_PATHS = (
					"$(SDKROOT)/Developer/Library/Frameworks",
					"$(inherited)",
				);
				INFOPLIST_FILE = ChoosyNewsyTests/Info.plist;
				LD_RUNPATH_SEARCH_PATHS = "$(inherited) @executable_path/Frameworks @loader_path/Frameworks";
				PRODUCT_NAME = "$(TARGET_NAME)";
				TEST_HOST = "$(BUILT_PRODUCTS_DIR)/ChoosyNewsy.app/ChoosyNewsy";
			};
			name = Release;
		};
/* End XCBuildConfiguration section */

/* Begin XCConfigurationList section */
		5316CC851ADC8E1800E65D92 /* Build configuration list for PBXProject "ChoosyNewsy" */ = {
			isa = XCConfigurationList;
			buildConfigurations = (
				5316CCA71ADC8E1800E65D92 /* Debug */,
				5316CCA81ADC8E1800E65D92 /* Release */,
			);
			defaultConfigurationIsVisible = 0;
			defaultConfigurationName = Release;
		};
		5316CCA91ADC8E1800E65D92 /* Build configuration list for PBXNativeTarget "ChoosyNewsy" */ = {
			isa = XCConfigurationList;
			buildConfigurations = (
				5316CCAA1ADC8E1800E65D92 /* Debug */,
				5316CCAB1ADC8E1800E65D92 /* Release */,
			);
			defaultConfigurationIsVisible = 0;
			defaultConfigurationName = Release;
		};
		5316CCAC1ADC8E1800E65D92 /* Build configuration list for PBXNativeTarget "ChoosyNewsyTests" */ = {
			isa = XCConfigurationList;
			buildConfigurations = (
				5316CCAD1ADC8E1800E65D92 /* Debug */,
				5316CCAE1ADC8E1800E65D92 /* Release */,
			);
			defaultConfigurationIsVisible = 0;
			defaultConfigurationName = Release;
		};
/* End XCConfigurationList section */
	};
	rootObject = 5316CC821ADC8E1800E65D92 /* Project object */;
}
